
Microsoft Visual Studio Solution File, Format Version 12.00
# Visual Studio Version 17
VisualStudioVersion = 17.11.35431.28
MinimumVisualStudioVersion = 10.0.40219.1
Project("{FAE04EC0-301F-11D3-BF4B-00C04F79EFBC}") = "BuildWise.Server", "BuildWise.Server\BuildWise.Server.csproj", "{2CD579D7-9998-45CC-9309-5F91025411AB}"
EndProject
Project("{54A90642-561A-4BB1-A94E-469ADEE60C69}") = "buildwise.client", "buildwise.client\buildwise.client.esproj", "{6C7A11BF-4612-4044-AFAF-0FAE0C8F3C8C}"
EndProject
Global
	GlobalSection(SolutionConfigurationPlatforms) = preSolution
		Debug|Any CPU = Debug|Any CPU
		Release|Any CPU = Release|Any CPU
	EndGlobalSection
	GlobalSection(ProjectConfigurationPlatforms) = postSolution
		{2CD579D7-9998-45CC-9309-5F91025411AB}.Debug|Any CPU.ActiveCfg = Debug|Any CPU
		{2CD579D7-9998-45CC-9309-5F91025411AB}.Debug|Any CPU.Build.0 = Debug|Any CPU
		{2CD579D7-9998-45CC-9309-5F91025411AB}.Release|Any CPU.ActiveCfg = Release|Any CPU
		{2CD579D7-9998-45CC-9309-5F91025411AB}.Release|Any CPU.Build.0 = Release|Any CPU
		{6C7A11BF-4612-4044-AFAF-0FAE0C8F3C8C}.Debug|Any CPU.ActiveCfg = Debug|Any CPU
		{6C7A11BF-4612-4044-AFAF-0FAE0C8F3C8C}.Debug|Any CPU.Build.0 = Debug|Any CPU
		{6C7A11BF-4612-4044-AFAF-0FAE0C8F3C8C}.Debug|Any CPU.Deploy.0 = Debug|Any CPU
		{6C7A11BF-4612-4044-AFAF-0FAE0C8F3C8C}.Release|Any CPU.ActiveCfg = Release|Any CPU
		{6C7A11BF-4612-4044-AFAF-0FAE0C8F3C8C}.Release|Any CPU.Build.0 = Release|Any CPU
		{6C7A11BF-4612-4044-AFAF-0FAE0C8F3C8C}.Release|Any CPU.Deploy.0 = Release|Any CPU
	EndGlobalSection
	GlobalSection(SolutionProperties) = preSolution
		HideSolutionNode = FALSE
	EndGlobalSection
	GlobalSection(ExtensibilityGlobals) = postSolution
		SolutionGuid = {45A59AF5-24F8-47D0-B719-CEE11A557525}
	EndGlobalSection
EndGlobal
